// !$*UTF8*$!
{
	archiveVersion = 1;
	classes = {
	};
	objectVersion = 55;
	objects = {

/* Begin PBXBuildFile section */
		23C2D7672716FA240063FF1F /* AppDelegate.swift in Sources */ = {isa = PBXBuildFile; fileRef = 23C2D7662716FA240063FF1F /* AppDelegate.swift */; };
		23C2D7692716FA240063FF1F /* SceneDelegate.swift in Sources */ = {isa = PBXBuildFile; fileRef = 23C2D7682716FA240063FF1F /* SceneDelegate.swift */; };
		23C2D76E2716FA240063FF1F /* Main.storyboard in Resources */ = {isa = PBXBuildFile; fileRef = 23C2D76C2716FA240063FF1F /* Main.storyboard */; };
		23C2D7702716FA280063FF1F /* Assets.xcassets in Resources */ = {isa = PBXBuildFile; fileRef = 23C2D76F2716FA280063FF1F /* Assets.xcassets */; };
		23C2D7732716FA280063FF1F /* LaunchScreen.storyboard in Resources */ = {isa = PBXBuildFile; fileRef = 23C2D7712716FA280063FF1F /* LaunchScreen.storyboard */; };
		23C2D77C2716FC990063FF1F /* OrdersTableViewController.swift in Sources */ = {isa = PBXBuildFile; fileRef = 23C2D77B2716FC990063FF1F /* OrdersTableViewController.swift */; };
		23C2D77E2716FCC80063FF1F /* AddOrderViewController.swift in Sources */ = {isa = PBXBuildFile; fileRef = 23C2D77D2716FCC80063FF1F /* AddOrderViewController.swift */; };
		23C2D781271730C90063FF1F /* WebService.swift in Sources */ = {isa = PBXBuildFile; fileRef = 23C2D780271730C90063FF1F /* WebService.swift */; };
/* End PBXBuildFile section */

/* Begin PBXFileReference section */
		23C2D7632716FA240063FF1F /* MVVM_CoffeeOrder.app */ = {isa = PBXFileReference; explicitFileType = wrapper.application; includeInIndex = 0; path = MVVM_CoffeeOrder.app; sourceTree = BUILT_PRODUCTS_DIR; };
		23C2D7662716FA240063FF1F /* AppDelegate.swift */ = {isa = PBXFileReference; lastKnownFileType = sourcecode.swift; path = AppDelegate.swift; sourceTree = "<group>"; };
		23C2D7682716FA240063FF1F /* SceneDelegate.swift */ = {isa = PBXFileReference; lastKnownFileType = sourcecode.swift; path = SceneDelegate.swift; sourceTree = "<group>"; };
		23C2D76D2716FA240063FF1F /* Base */ = {isa = PBXFileReference; lastKnownFileType = file.storyboard; name = Base; path = Base.lproj/Main.storyboard; sourceTree = "<group>"; };
		23C2D76F2716FA280063FF1F /* Assets.xcassets */ = {isa = PBXFileReference; lastKnownFileType = folder.assetcatalog; path = Assets.xcassets; sourceTree = "<group>"; };
		23C2D7722716FA280063FF1F /* Base */ = {isa = PBXFileReference; lastKnownFileType = file.storyboard; name = Base; path = Base.lproj/LaunchScreen.storyboard; sourceTree = "<group>"; };
		23C2D7742716FA280063FF1F /* Info.plist */ = {isa = PBXFileReference; lastKnownFileType = text.plist.xml; path = Info.plist; sourceTree = "<group>"; };
		23C2D77B2716FC990063FF1F /* OrdersTableViewController.swift */ = {isa = PBXFileReference; lastKnownFileType = sourcecode.swift; path = OrdersTableViewController.swift; sourceTree = "<group>"; };
		23C2D77D2716FCC80063FF1F /* AddOrderViewController.swift */ = {isa = PBXFileReference; lastKnownFileType = sourcecode.swift; path = AddOrderViewController.swift; sourceTree = "<group>"; };
		23C2D780271730C90063FF1F /* WebService.swift */ = {isa = PBXFileReference; lastKnownFileType = sourcecode.swift; path = WebService.swift; sourceTree = "<group>"; };
/* End PBXFileReference section */

/* Begin PBXFrameworksBuildPhase section */
		23C2D7602716FA240063FF1F /* Frameworks */ = {
			isa = PBXFrameworksBuildPhase;
			buildActionMask = 2147483647;
			files = (
			);
			runOnlyForDeploymentPostprocessing = 0;
		};
/* End PBXFrameworksBuildPhase section */

/* Begin PBXGroup section */
		23C2D75A2716FA240063FF1F = {
			isa = PBXGroup;
			children = (
				23C2D7652716FA240063FF1F /* MVVM_CoffeeOrder */,
				23C2D7642716FA240063FF1F /* Products */,
			);
			sourceTree = "<group>";
		};
		23C2D7642716FA240063FF1F /* Products */ = {
			isa = PBXGroup;
			children = (
				23C2D7632716FA240063FF1F /* MVVM_CoffeeOrder.app */,
			);
			name = Products;
			sourceTree = "<group>";
		};
		23C2D7652716FA240063FF1F /* MVVM_CoffeeOrder */ = {
			isa = PBXGroup;
			children = (
				23C2D77F271730B70063FF1F /* Services */,
				23C2D77A2716FAD30063FF1F /* Controllers */,
				23C2D7662716FA240063FF1F /* AppDelegate.swift */,
				23C2D7682716FA240063FF1F /* SceneDelegate.swift */,
				23C2D76C2716FA240063FF1F /* Main.storyboard */,
				23C2D76F2716FA280063FF1F /* Assets.xcassets */,
				23C2D7712716FA280063FF1F /* LaunchScreen.storyboard */,
				23C2D7742716FA280063FF1F /* Info.plist */,
			);
			path = MVVM_CoffeeOrder;
			sourceTree = "<group>";
		};
		23C2D77A2716FAD30063FF1F /* Controllers */ = {
			isa = PBXGroup;
			children = (
				23C2D77B2716FC990063FF1F /* OrdersTableViewController.swift */,
				23C2D77D2716FCC80063FF1F /* AddOrderViewController.swift */,
			);
			path = Controllers;
			sourceTree = "<group>";
		};
		23C2D77F271730B70063FF1F /* Services */ = {
			isa = PBXGroup;
			children = (
				23C2D780271730C90063FF1F /* WebService.swift */,
			);
			path = Services;
			sourceTree = "<group>";
		};
/* End PBXGroup section */

/* Begin PBXNativeTarget section */
		23C2D7622716FA240063FF1F /* MVVM_CoffeeOrder */ = {
			isa = PBXNativeTarget;
			buildConfigurationList = 23C2D7772716FA280063FF1F /* Build configuration list for PBXNativeTarget "MVVM_CoffeeOrder" */;
			buildPhases = (
				23C2D75F2716FA240063FF1F /* Sources */,
				23C2D7602716FA240063FF1F /* Frameworks */,
				23C2D7612716FA240063FF1F /* Resources */,
			);
			buildRules = (
			);
			dependencies = (
			);
			name = MVVM_CoffeeOrder;
			productName = MVVM_CoffeeOrder;
			productReference = 23C2D7632716FA240063FF1F /* MVVM_CoffeeOrder.app */;
			productType = "com.apple.product-type.application";
		};
/* End PBXNativeTarget section */

/* Begin PBXProject section */
		23C2D75B2716FA240063FF1F /* Project object */ = {
			isa = PBXProject;
			attributes = {
				BuildIndependentTargetsInParallel = 1;
				LastSwiftUpdateCheck = 1300;
				LastUpgradeCheck = 1300;
				TargetAttributes = {
					23C2D7622716FA240063FF1F = {
						CreatedOnToolsVersion = 13.0;
					};
				};
			};
			buildConfigurationList = 23C2D75E2716FA240063FF1F /* Build configuration list for PBXProject "MVVM_CoffeeOrder" */;
			compatibilityVersion = "Xcode 13.0";
			developmentRegion = en;
			hasScannedForEncodings = 0;
			knownRegions = (
				en,
				Base,
			);
			mainGroup = 23C2D75A2716FA240063FF1F;
			productRefGroup = 23C2D7642716FA240063FF1F /* Products */;
			projectDirPath = "";
			projectRoot = "";
			targets = (
				23C2D7622716FA240063FF1F /* MVVM_CoffeeOrder */,
			);
		};
/* End PBXProject section */

/* Begin PBXResourcesBuildPhase section */
		23C2D7612716FA240063FF1F /* Resources */ = {
			isa = PBXResourcesBuildPhase;
			buildActionMask = 2147483647;
			files = (
				23C2D7732716FA280063FF1F /* LaunchScreen.storyboard in Resources */,
				23C2D7702716FA280063FF1F /* Assets.xcassets in Resources */,
				23C2D76E2716FA240063FF1F /* Main.storyboard in Resources */,
			);
			runOnlyForDeploymentPostprocessing = 0;
		};
/* End PBXResourcesBuildPhase section */

/* Begin PBXSourcesBuildPhase section */
		23C2D75F2716FA240063FF1F /* Sources */ = {
			isa = PBXSourcesBuildPhase;
			buildActionMask = 2147483647;
			files = (
				23C2D7672716FA240063FF1F /* AppDelegate.swift in Sources */,
				23C2D7692716FA240063FF1F /* SceneDelegate.swift in Sources */,
				23C2D77C2716FC990063FF1F /* OrdersTableViewController.swift in Sources */,
				23C2D781271730C90063FF1F /* WebService.swift in Sources */,
				23C2D77E2716FCC80063FF1F /* AddOrderViewController.swift in Sources */,
			);
			runOnlyForDeploymentPostprocessing = 0;
		};
/* End PBXSourcesBuildPhase section */

/* Begin PBXVariantGroup section */
		23C2D76C2716FA240063FF1F /* Main.storyboard */ = {
			isa = PBXVariantGroup;
			children = (
				23C2D76D2716FA240063FF1F /* Base */,
			);
			name = Main.storyboard;
			sourceTree = "<group>";
		};
		23C2D7712716FA280063FF1F /* LaunchScreen.storyboard */ = {
			isa = PBXVariantGroup;
			children = (
				23C2D7722716FA280063FF1F /* Base */,
			);
			name = LaunchScreen.storyboard;
			sourceTree = "<group>";
		};
/* End PBXVariantGroup section */

/* Begin XCBuildConfiguration section */
		23C2D7752716FA280063FF1F /* Debug */ = {
			isa = XCBuildConfiguration;
			buildSettings = {
				ALWAYS_SEARCH_USER_PATHS = NO;
				CLANG_ANALYZER_NONNULL = YES;
				CLANG_ANALYZER_NUMBER_OBJECT_CONVERSION = YES_AGGRESSIVE;
				CLANG_CXX_LANGUAGE_STANDARD = "gnu++17";
				CLANG_CXX_LIBRARY = "libc++";
				CLANG_ENABLE_MODULES = YES;
				CLANG_ENABLE_OBJC_ARC = YES;
				CLANG_ENABLE_OBJC_WEAK = YES;
				CLANG_WARN_BLOCK_CAPTURE_AUTORELEASING = YES;
				CLANG_WARN_BOOL_CONVERSION = YES;
				CLANG_WARN_COMMA = YES;
				CLANG_WARN_CONSTANT_CONVERSION = YES;
				CLANG_WARN_DEPRECATED_OBJC_IMPLEMENTATIONS = YES;
				CLANG_WARN_DIRECT_OBJC_ISA_USAGE = YES_ERROR;
				CLANG_WARN_DOCUMENTATION_COMMENTS = YES;
				CLANG_WARN_EMPTY_BODY = YES;
				CLANG_WARN_ENUM_CONVERSION = YES;
				CLANG_WARN_INFINITE_RECURSION = YES;
				CLANG_WARN_INT_CONVERSION = YES;
				CLANG_WARN_NON_LITERAL_NULL_CONVERSION = YES;
				CLANG_WARN_OBJC_IMPLICIT_RETAIN_SELF = YES;
				CLANG_WARN_OBJC_LITERAL_CONVERSION = YES;
				CLANG_WARN_OBJC_ROOT_CLASS = YES_ERROR;
				CLANG_WARN_QUOTED_INCLUDE_IN_FRAMEWORK_HEADER = YES;
				CLANG_WARN_RANGE_LOOP_ANALYSIS = YES;
				CLANG_WARN_STRICT_PROTOTYPES = YES;
				CLANG_WARN_SUSPICIOUS_MOVE = YES;
				CLANG_WARN_UNGUARDED_AVAILABILITY = YES_AGGRESSIVE;
				CLANG_WARN_UNREACHABLE_CODE = YES;
				CLANG_WARN__DUPLICATE_METHOD_MATCH = YES;
				COPY_PHASE_STRIP = NO;
				DEBUG_INFORMATION_FORMAT = dwarf;
				ENABLE_STRICT_OBJC_MSGSEND = YES;
				ENABLE_TESTABILITY = YES;
				GCC_C_LANGUAGE_STANDARD = gnu11;
				GCC_DYNAMIC_NO_PIC = NO;
				GCC_NO_COMMON_BLOCKS = YES;
				GCC_OPTIMIZATION_LEVEL = 0;
				GCC_PREPROCESSOR_DEFINITIONS = (
					"DEBUG=1",
					"$(inherited)",
				);
				GCC_WARN_64_TO_32_BIT_CONVERSION = YES;
				GCC_WARN_ABOUT_RETURN_TYPE = YES_ERROR;
				GCC_WARN_UNDECLARED_SELECTOR = YES;
				GCC_WARN_UNINITIALIZED_AUTOS = YES_AGGRESSIVE;
				GCC_WARN_UNUSED_FUNCTION = YES;
				GCC_WARN_UNUSED_VARIABLE = YES;
				IPHONEOS_DEPLOYMENT_TARGET = 15.0;
				MTL_ENABLE_DEBUG_INFO = INCLUDE_SOURCE;
				MTL_FAST_MATH = YES;
				ONLY_ACTIVE_ARCH = YES;
				SDKROOT = iphoneos;
				SWIFT_ACTIVE_COMPILATION_CONDITIONS = DEBUG;
				SWIFT_OPTIMIZATION_LEVEL = "-Onone";
			};
			name = Debug;
		};
		23C2D7762716FA280063FF1F /* Release */ = {
			isa = XCBuildConfiguration;
			buildSettings = {
				ALWAYS_SEARCH_USER_PATHS = NO;
				CLANG_ANALYZER_NONNULL = YES;
				CLANG_ANALYZER_NUMBER_OBJECT_CONVERSION = YES_AGGRESSIVE;
				CLANG_CXX_LANGUAGE_STANDARD = "gnu++17";
				CLANG_CXX_LIBRARY = "libc++";
				CLANG_ENABLE_MODULES = YES;
				CLANG_ENABLE_OBJC_ARC = YES;
				CLANG_ENABLE_OBJC_WEAK = YES;
				CLANG_WARN_BLOCK_CAPTURE_AUTORELEASING = YES;
				CLANG_WARN_BOOL_CONVERSION = YES;
				CLANG_WARN_COMMA = YES;
				CLANG_WARN_CONSTANT_CONVERSION = YES;
				CLANG_WARN_DEPRECATED_OBJC_IMPLEMENTATIONS = YES;
				CLANG_WARN_DIRECT_OBJC_ISA_USAGE = YES_ERROR;
				CLANG_WARN_DOCUMENTATION_COMMENTS = YES;
				CLANG_WARN_EMPTY_BODY = YES;
				CLANG_WARN_ENUM_CONVERSION = YES;
				CLANG_WARN_INFINITE_RECURSION = YES;
				CLANG_WARN_INT_CONVERSION = YES;
				CLANG_WARN_NON_LITERAL_NULL_CONVERSION = YES;
				CLANG_WARN_OBJC_IMPLICIT_RETAIN_SELF = YES;
				CLANG_WARN_OBJC_LITERAL_CONVERSION = YES;
				CLANG_WARN_OBJC_ROOT_CLASS = YES_ERROR;
				CLANG_WARN_QUOTED_INCLUDE_IN_FRAMEWORK_HEADER = YES;
				CLANG_WARN_RANGE_LOOP_ANALYSIS = YES;
				CLANG_WARN_STRICT_PROTOTYPES = YES;
				CLANG_WARN_SUSPICIOUS_MOVE = YES;
				CLANG_WARN_UNGUARDED_AVAILABILITY = YES_AGGRESSIVE;
				CLANG_WARN_UNREACHABLE_CODE = YES;
				CLANG_WARN__DUPLICATE_METHOD_MATCH = YES;
				COPY_PHASE_STRIP = NO;
				DEBUG_INFORMATION_FORMAT = "dwarf-with-dsym";
				ENABLE_NS_ASSERTIONS = NO;
				ENABLE_STRICT_OBJC_MSGSEND = YES;
				GCC_C_LANGUAGE_STANDARD = gnu11;
				GCC_NO_COMMON_BLOCKS = YES;
				GCC_WARN_64_TO_32_BIT_CONVERSION = YES;
				GCC_WARN_ABOUT_RETURN_TYPE = YES_ERROR;
				GCC_WARN_UNDECLARED_SELECTOR = YES;
				GCC_WARN_UNINITIALIZED_AUTOS = YES_AGGRESSIVE;
				GCC_WARN_UNUSED_FUNCTION = YES;
				GCC_WARN_UNUSED_VARIABLE = YES;
				IPHONEOS_DEPLOYMENT_TARGET = 15.0;
				MTL_ENABLE_DEBUG_INFO = NO;
				MTL_FAST_MATH = YES;
				SDKROOT = iphoneos;
				SWIFT_COMPILATION_MODE = wholemodule;
				SWIFT_OPTIMIZATION_LEVEL = "-O";
				VALIDATE_PRODUCT = YES;
			};
			name = Release;
		};
		23C2D7782716FA280063FF1F /* Debug */ = {
			isa = XCBuildConfiguration;
			buildSettings = {
				ASSETCATALOG_COMPILER_APPICON_NAME = AppIcon;
				ASSETCATALOG_COMPILER_GLOBAL_ACCENT_COLOR_NAME = AccentColor;
				CODE_SIGN_STYLE = Automatic;
				CURRENT_PROJECT_VERSION = 1;
				DEVELOPMENT_TEAM = 84C5F9B5MF;
				GENERATE_INFOPLIST_FILE = YES;
				INFOPLIST_FILE = MVVM_CoffeeOrder/Info.plist;
				INFOPLIST_KEY_UIApplicationSupportsIndirectInputEvents = YES;
				INFOPLIST_KEY_UILaunchStoryboardName = LaunchScreen;
				INFOPLIST_KEY_UIMainStoryboardFile = Main;
				INFOPLIST_KEY_UISupportedInterfaceOrientations = UIInterfaceOrientationPortrait;
				INFOPLIST_KEY_UISupportedInterfaceOrientations_iPad = "UIInterfaceOrientationPortrait UIInterfaceOrientationPortraitUpsideDown UIInterfaceOrientationLandscapeLeft UIInterfaceOrientationLandscapeRight";
				INFOPLIST_KEY_UISupportedInterfaceOrientations_iPhone = "UIInterfaceOrientationPortrait UIInterfaceOrientationLandscapeLeft UIInterfaceOrientationLandscapeRight";
				IPHONEOS_DEPLOYMENT_TARGET = 13.1;
				LD_RUNPATH_SEARCH_PATHS = (
					"$(inherited)",
					"@executable_path/Frameworks",
				);
				MARKETING_VERSION = 1.0;
				PRODUCT_BUNDLE_IDENTIFIER = "com.winder.MVVM-CoffeeOrder";
				PRODUCT_NAME = "$(TARGET_NAME)";
				SWIFT_EMIT_LOC_STRINGS = YES;
				SWIFT_VERSION = 5.0;
				TARGETED_DEVICE_FAMILY = 1;
			};
			name = Debug;
		};
		23C2D7792716FA280063FF1F /* Release */ = {
			isa = XCBuildConfiguration;
			buildSettings = {
				ASSETCATALOG_COMPILER_APPICON_NAME = AppIcon;
				ASSETCATALOG_COMPILER_GLOBAL_ACCENT_COLOR_NAME = AccentColor;
				CODE_SIGN_STYLE = Automatic;
				CURRENT_PROJECT_VERSION = 1;
				DEVELOPMENT_TEAM = 84C5F9B5MF;
				GENERATE_INFOPLIST_FILE = YES;
				INFOPLIST_FILE = MVVM_CoffeeOrder/Info.plist;
				INFOPLIST_KEY_UIApplicationSupportsIndirectInputEvents = YES;
				INFOPLIST_KEY_UILaunchStoryboardName = LaunchScreen;
				INFOPLIST_KEY_UIMainStoryboardFile = Main;
				INFOPLIST_KEY_UISupportedInterfaceOrientations = UIInterfaceOrientationPortrait;
				INFOPLIST_KEY_UISupportedInterfaceOrientations_iPad = "UIInterfaceOrientationPortrait UIInterfaceOrientationPortraitUpsideDown UIInterfaceOrientationLandscapeLeft UIInterfaceOrientationLandscapeRight";
				INFOPLIST_KEY_UISupportedInterfaceOrientations_iPhone = "UIInterfaceOrientationPortrait UIInterfaceOrientationLandscapeLeft UIInterfaceOrientationLandscapeRight";
				IPHONEOS_DEPLOYMENT_TARGET = 13.1;
				LD_RUNPATH_SEARCH_PATHS = (
					"$(inherited)",
					"@executable_path/Frameworks",
				);
				MARKETING_VERSION = 1.0;
				PRODUCT_BUNDLE_IDENTIFIER = "com.winder.MVVM-CoffeeOrder";
				PRODUCT_NAME = "$(TARGET_NAME)";
				SWIFT_EMIT_LOC_STRINGS = YES;
				SWIFT_VERSION = 5.0;
				TARGETED_DEVICE_FAMILY = 1;
			};
			name = Release;
		};
/* End XCBuildConfiguration section */

/* Begin XCConfigurationList section */
		23C2D75E2716FA240063FF1F /* Build configuration list for PBXProject "MVVM_CoffeeOrder" */ = {
			isa = XCConfigurationList;
			buildConfigurations = (
				23C2D7752716FA280063FF1F /* Debug */,
				23C2D7762716FA280063FF1F /* Release */,
			);
			defaultConfigurationIsVisible = 0;
			defaultConfigurationName = Release;
		};
		23C2D7772716FA280063FF1F /* Build configuration list for PBXNativeTarget "MVVM_CoffeeOrder" */ = {
			isa = XCConfigurationList;
			buildConfigurations = (
				23C2D7782716FA280063FF1F /* Debug */,
				23C2D7792716FA280063FF1F /* Release */,
			);
			defaultConfigurationIsVisible = 0;
			defaultConfigurationName = Release;
		};
/* End XCConfigurationList section */
	};
	rootObject = 23C2D75B2716FA240063FF1F /* Project object */;
}
