// !$*UTF8*$!
{
	archiveVersion = 1;
	classes = {
	};
	objectVersion = 50;
	objects = {

/* Begin PBXBuildFile section */
		232EC50826633B44000D74F0 /* FavoriteButton.swift in Sources */ = {isa = PBXBuildFile; fileRef = 232EC50726633B44000D74F0 /* FavoriteButton.swift */; };
		237D158F26620E99007B340D /* LandmarksApp.swift in Sources */ = {isa = PBXBuildFile; fileRef = 237D158E26620E99007B340D /* LandmarksApp.swift */; };
		237D159126620E99007B340D /* ContentView.swift in Sources */ = {isa = PBXBuildFile; fileRef = 237D159026620E99007B340D /* ContentView.swift */; };
		237D159326620E9B007B340D /* Assets.xcassets in Resources */ = {isa = PBXBuildFile; fileRef = 237D159226620E9B007B340D /* Assets.xcassets */; };
		237D159626620E9B007B340D /* Preview Assets.xcassets in Resources */ = {isa = PBXBuildFile; fileRef = 237D159526620E9B007B340D /* Preview Assets.xcassets */; };
		237D159826620E9B007B340D /* Persistence.swift in Sources */ = {isa = PBXBuildFile; fileRef = 237D159726620E9B007B340D /* Persistence.swift */; };
		237D159B26620E9B007B340D /* Landmarks.xcdatamodeld in Sources */ = {isa = PBXBuildFile; fileRef = 237D159926620E9B007B340D /* Landmarks.xcdatamodeld */; };
		237D15A7266227A1007B340D /* CircleImage.swift in Sources */ = {isa = PBXBuildFile; fileRef = 237D15A6266227A1007B340D /* CircleImage.swift */; };
		237D15A926622938007B340D /* MapView.swift in Sources */ = {isa = PBXBuildFile; fileRef = 237D15A826622938007B340D /* MapView.swift */; };
		23E2F0A62662459500FA7476 /* Landmark.swift in Sources */ = {isa = PBXBuildFile; fileRef = 23E2F0A52662459500FA7476 /* Landmark.swift */; };
		23E2F0AA2662493700FA7476 /* ModelData.swift in Sources */ = {isa = PBXBuildFile; fileRef = 23E2F0A92662493700FA7476 /* ModelData.swift */; };
		23E2F0B026624D6500FA7476 /* landmarkData.json in Resources */ = {isa = PBXBuildFile; fileRef = 23E2F0AF26624D6500FA7476 /* landmarkData.json */; };
		23E2F0B2266253BA00FA7476 /* LandmarkRow.swift in Sources */ = {isa = PBXBuildFile; fileRef = 23E2F0B1266253BA00FA7476 /* LandmarkRow.swift */; };
		23E2F0B4266257BF00FA7476 /* LandmarkList.swift in Sources */ = {isa = PBXBuildFile; fileRef = 23E2F0B3266257BF00FA7476 /* LandmarkList.swift */; };
		23E2F0B626625AF600FA7476 /* LandmarkDetail.swift in Sources */ = {isa = PBXBuildFile; fileRef = 23E2F0B526625AF600FA7476 /* LandmarkDetail.swift */; };
/* End PBXBuildFile section */

/* Begin PBXFileReference section */
		232EC50726633B44000D74F0 /* FavoriteButton.swift */ = {isa = PBXFileReference; lastKnownFileType = sourcecode.swift; path = FavoriteButton.swift; sourceTree = "<group>"; };
		237D158B26620E99007B340D /* Landmarks.app */ = {isa = PBXFileReference; explicitFileType = wrapper.application; includeInIndex = 0; path = Landmarks.app; sourceTree = BUILT_PRODUCTS_DIR; };
		237D158E26620E99007B340D /* LandmarksApp.swift */ = {isa = PBXFileReference; lastKnownFileType = sourcecode.swift; path = LandmarksApp.swift; sourceTree = "<group>"; };
		237D159026620E99007B340D /* ContentView.swift */ = {isa = PBXFileReference; lastKnownFileType = sourcecode.swift; path = ContentView.swift; sourceTree = "<group>"; };
		237D159226620E9B007B340D /* Assets.xcassets */ = {isa = PBXFileReference; lastKnownFileType = folder.assetcatalog; path = Assets.xcassets; sourceTree = "<group>"; };
		237D159526620E9B007B340D /* Preview Assets.xcassets */ = {isa = PBXFileReference; lastKnownFileType = folder.assetcatalog; path = "Preview Assets.xcassets"; sourceTree = "<group>"; };
		237D159726620E9B007B340D /* Persistence.swift */ = {isa = PBXFileReference; lastKnownFileType = sourcecode.swift; path = Persistence.swift; sourceTree = "<group>"; };
		237D159A26620E9B007B340D /* Landmarks.xcdatamodel */ = {isa = PBXFileReference; lastKnownFileType = wrapper.xcdatamodel; path = Landmarks.xcdatamodel; sourceTree = "<group>"; };
		237D159C26620E9B007B340D /* Info.plist */ = {isa = PBXFileReference; lastKnownFileType = text.plist.xml; path = Info.plist; sourceTree = "<group>"; };
		237D15A6266227A1007B340D /* CircleImage.swift */ = {isa = PBXFileReference; lastKnownFileType = sourcecode.swift; path = CircleImage.swift; sourceTree = "<group>"; };
		237D15A826622938007B340D /* MapView.swift */ = {isa = PBXFileReference; lastKnownFileType = sourcecode.swift; path = MapView.swift; sourceTree = "<group>"; };
		23E2F0A52662459500FA7476 /* Landmark.swift */ = {isa = PBXFileReference; lastKnownFileType = sourcecode.swift; path = Landmark.swift; sourceTree = "<group>"; };
		23E2F0A92662493700FA7476 /* ModelData.swift */ = {isa = PBXFileReference; lastKnownFileType = sourcecode.swift; path = ModelData.swift; sourceTree = "<group>"; };
		23E2F0AF26624D6500FA7476 /* landmarkData.json */ = {isa = PBXFileReference; fileEncoding = 4; lastKnownFileType = text.json; path = landmarkData.json; sourceTree = "<group>"; };
		23E2F0B1266253BA00FA7476 /* LandmarkRow.swift */ = {isa = PBXFileReference; lastKnownFileType = sourcecode.swift; path = LandmarkRow.swift; sourceTree = "<group>"; };
		23E2F0B3266257BF00FA7476 /* LandmarkList.swift */ = {isa = PBXFileReference; lastKnownFileType = sourcecode.swift; path = LandmarkList.swift; sourceTree = "<group>"; };
		23E2F0B526625AF600FA7476 /* LandmarkDetail.swift */ = {isa = PBXFileReference; lastKnownFileType = sourcecode.swift; path = LandmarkDetail.swift; sourceTree = "<group>"; };
/* End PBXFileReference section */

/* Begin PBXFrameworksBuildPhase section */
		237D158826620E99007B340D /* Frameworks */ = {
			isa = PBXFrameworksBuildPhase;
			buildActionMask = 2147483647;
			files = (
			);
			runOnlyForDeploymentPostprocessing = 0;
		};
/* End PBXFrameworksBuildPhase section */

/* Begin PBXGroup section */
		232EC50926633C51000D74F0 /* Landmarks */ = {
			isa = PBXGroup;
			children = (
				23E2F0B1266253BA00FA7476 /* LandmarkRow.swift */,
				23E2F0B3266257BF00FA7476 /* LandmarkList.swift */,
				23E2F0B526625AF600FA7476 /* LandmarkDetail.swift */,
			);
			path = Landmarks;
			sourceTree = "<group>";
		};
		232EC50A26633C74000D74F0 /* Helpers */ = {
			isa = PBXGroup;
			children = (
				237D15A6266227A1007B340D /* CircleImage.swift */,
				237D15A826622938007B340D /* MapView.swift */,
				232EC50726633B44000D74F0 /* FavoriteButton.swift */,
			);
			path = Helpers;
			sourceTree = "<group>";
		};
		237D158226620E99007B340D = {
			isa = PBXGroup;
			children = (
				237D158D26620E99007B340D /* Landmarks */,
				237D158C26620E99007B340D /* Products */,
			);
			sourceTree = "<group>";
		};
		237D158C26620E99007B340D /* Products */ = {
			isa = PBXGroup;
			children = (
				237D158B26620E99007B340D /* Landmarks.app */,
			);
			name = Products;
			sourceTree = "<group>";
		};
		237D158D26620E99007B340D /* Landmarks */ = {
			isa = PBXGroup;
			children = (
				23E2F0AE26624D3A00FA7476 /* Resources */,
				23E2F0AD26624CE900FA7476 /* Model */,
				237D158E26620E99007B340D /* LandmarksApp.swift */,
				23E2F0AB26624CB000FA7476 /* Views */,
				237D159226620E9B007B340D /* Assets.xcassets */,
				237D159726620E9B007B340D /* Persistence.swift */,
				237D159C26620E9B007B340D /* Info.plist */,
				237D159926620E9B007B340D /* Landmarks.xcdatamodeld */,
				237D159426620E9B007B340D /* Preview Content */,
			);
			path = Landmarks;
			sourceTree = "<group>";
		};
		237D159426620E9B007B340D /* Preview Content */ = {
			isa = PBXGroup;
			children = (
				237D159526620E9B007B340D /* Preview Assets.xcassets */,
			);
			path = "Preview Content";
			sourceTree = "<group>";
		};
		23E2F0AB26624CB000FA7476 /* Views */ = {
			isa = PBXGroup;
			children = (
				232EC50A26633C74000D74F0 /* Helpers */,
				232EC50926633C51000D74F0 /* Landmarks */,
				237D159026620E99007B340D /* ContentView.swift */,
			);
			path = Views;
			sourceTree = "<group>";
		};
		23E2F0AD26624CE900FA7476 /* Model */ = {
			isa = PBXGroup;
			children = (
				23E2F0A52662459500FA7476 /* Landmark.swift */,
				23E2F0A92662493700FA7476 /* ModelData.swift */,
			);
			path = Model;
			sourceTree = "<group>";
		};
		23E2F0AE26624D3A00FA7476 /* Resources */ = {
			isa = PBXGroup;
			children = (
				23E2F0AF26624D6500FA7476 /* landmarkData.json */,
			);
			path = Resources;
			sourceTree = "<group>";
		};
/* End PBXGroup section */

/* Begin PBXNativeTarget section */
		237D158A26620E99007B340D /* Landmarks */ = {
			isa = PBXNativeTarget;
			buildConfigurationList = 237D159F26620E9B007B340D /* Build configuration list for PBXNativeTarget "Landmarks" */;
			buildPhases = (
				237D158726620E99007B340D /* Sources */,
				237D158826620E99007B340D /* Frameworks */,
				237D158926620E99007B340D /* Resources */,
			);
			buildRules = (
			);
			dependencies = (
			);
			name = Landmarks;
			productName = Landmarks;
			productReference = 237D158B26620E99007B340D /* Landmarks.app */;
			productType = "com.apple.product-type.application";
		};
/* End PBXNativeTarget section */

/* Begin PBXProject section */
		237D158326620E99007B340D /* Project object */ = {
			isa = PBXProject;
			attributes = {
				LastSwiftUpdateCheck = 1250;
				LastUpgradeCheck = 1250;
				TargetAttributes = {
					237D158A26620E99007B340D = {
						CreatedOnToolsVersion = 12.5;
					};
				};
			};
			buildConfigurationList = 237D158626620E99007B340D /* Build configuration list for PBXProject "Landmarks" */;
			compatibilityVersion = "Xcode 9.3";
			developmentRegion = en;
			hasScannedForEncodings = 0;
			knownRegions = (
				en,
				Base,
			);
			mainGroup = 237D158226620E99007B340D;
			productRefGroup = 237D158C26620E99007B340D /* Products */;
			projectDirPath = "";
			projectRoot = "";
			targets = (
				237D158A26620E99007B340D /* Landmarks */,
			);
		};
/* End PBXProject section */

/* Begin PBXResourcesBuildPhase section */
		237D158926620E99007B340D /* Resources */ = {
			isa = PBXResourcesBuildPhase;
			buildActionMask = 2147483647;
			files = (
				237D159626620E9B007B340D /* Preview Assets.xcassets in Resources */,
				237D159326620E9B007B340D /* Assets.xcassets in Resources */,
				23E2F0B026624D6500FA7476 /* landmarkData.json in Resources */,
			);
			runOnlyForDeploymentPostprocessing = 0;
		};
/* End PBXResourcesBuildPhase section */

/* Begin PBXSourcesBuildPhase section */
		237D158726620E99007B340D /* Sources */ = {
			isa = PBXSourcesBuildPhase;
			buildActionMask = 2147483647;
			files = (
				23E2F0A62662459500FA7476 /* Landmark.swift in Sources */,
				237D159826620E9B007B340D /* Persistence.swift in Sources */,
				237D15A926622938007B340D /* MapView.swift in Sources */,
				232EC50826633B44000D74F0 /* FavoriteButton.swift in Sources */,
				237D159126620E99007B340D /* ContentView.swift in Sources */,
				237D158F26620E99007B340D /* LandmarksApp.swift in Sources */,
				23E2F0AA2662493700FA7476 /* ModelData.swift in Sources */,
				237D159B26620E9B007B340D /* Landmarks.xcdatamodeld in Sources */,
				237D15A7266227A1007B340D /* CircleImage.swift in Sources */,
				23E2F0B2266253BA00FA7476 /* LandmarkRow.swift in Sources */,
				23E2F0B4266257BF00FA7476 /* LandmarkList.swift in Sources */,
				23E2F0B626625AF600FA7476 /* LandmarkDetail.swift in Sources */,
			);
			runOnlyForDeploymentPostprocessing = 0;
		};
/* End PBXSourcesBuildPhase section */

/* Begin XCBuildConfiguration section */
		237D159D26620E9B007B340D /* Debug */ = {
			isa = XCBuildConfiguration;
			buildSettings = {
				ALWAYS_SEARCH_USER_PATHS = NO;
				CLANG_ANALYZER_NONNULL = YES;
				CLANG_ANALYZER_NUMBER_OBJECT_CONVERSION = YES_AGGRESSIVE;
				CLANG_CXX_LANGUAGE_STANDARD = "gnu++14";
				CLANG_CXX_LIBRARY = "libc++";
				CLANG_ENABLE_MODULES = YES;
				CLANG_ENABLE_OBJC_ARC = YES;
				CLANG_ENABLE_OBJC_WEAK = YES;
				CLANG_WARN_BLOCK_CAPTURE_AUTORELEASING = YES;
				CLANG_WARN_BOOL_CONVERSION = YES;
				CLANG_WARN_COMMA = YES;
				CLANG_WARN_CONSTANT_CONVERSION = YES;
				CLANG_WARN_DEPRECATED_OBJC_IMPLEMENTATIONS = YES;
				CLANG_WARN_DIRECT_OBJC_ISA_USAGE = YES_ERROR;
				CLANG_WARN_DOCUMENTATION_COMMENTS = YES;
				CLANG_WARN_EMPTY_BODY = YES;
				CLANG_WARN_ENUM_CONVERSION = YES;
				CLANG_WARN_INFINITE_RECURSION = YES;
				CLANG_WARN_INT_CONVERSION = YES;
				CLANG_WARN_NON_LITERAL_NULL_CONVERSION = YES;
				CLANG_WARN_OBJC_IMPLICIT_RETAIN_SELF = YES;
				CLANG_WARN_OBJC_LITERAL_CONVERSION = YES;
				CLANG_WARN_OBJC_ROOT_CLASS = YES_ERROR;
				CLANG_WARN_QUOTED_INCLUDE_IN_FRAMEWORK_HEADER = YES;
				CLANG_WARN_RANGE_LOOP_ANALYSIS = YES;
				CLANG_WARN_STRICT_PROTOTYPES = YES;
				CLANG_WARN_SUSPICIOUS_MOVE = YES;
				CLANG_WARN_UNGUARDED_AVAILABILITY = YES_AGGRESSIVE;
				CLANG_WARN_UNREACHABLE_CODE = YES;
				CLANG_WARN__DUPLICATE_METHOD_MATCH = YES;
				COPY_PHASE_STRIP = NO;
				DEBUG_INFORMATION_FORMAT = dwarf;
				ENABLE_STRICT_OBJC_MSGSEND = YES;
				ENABLE_TESTABILITY = YES;
				GCC_C_LANGUAGE_STANDARD = gnu11;
				GCC_DYNAMIC_NO_PIC = NO;
				GCC_NO_COMMON_BLOCKS = YES;
				GCC_OPTIMIZATION_LEVEL = 0;
				GCC_PREPROCESSOR_DEFINITIONS = (
					"DEBUG=1",
					"$(inherited)",
				);
				GCC_WARN_64_TO_32_BIT_CONVERSION = YES;
				GCC_WARN_ABOUT_RETURN_TYPE = YES_ERROR;
				GCC_WARN_UNDECLARED_SELECTOR = YES;
				GCC_WARN_UNINITIALIZED_AUTOS = YES_AGGRESSIVE;
				GCC_WARN_UNUSED_FUNCTION = YES;
				GCC_WARN_UNUSED_VARIABLE = YES;
				IPHONEOS_DEPLOYMENT_TARGET = 14.5;
				MTL_ENABLE_DEBUG_INFO = INCLUDE_SOURCE;
				MTL_FAST_MATH = YES;
				ONLY_ACTIVE_ARCH = YES;
				SDKROOT = iphoneos;
				SWIFT_ACTIVE_COMPILATION_CONDITIONS = DEBUG;
				SWIFT_OPTIMIZATION_LEVEL = "-Onone";
			};
			name = Debug;
		};
		237D159E26620E9B007B340D /* Release */ = {
			isa = XCBuildConfiguration;
			buildSettings = {
				ALWAYS_SEARCH_USER_PATHS = NO;
				CLANG_ANALYZER_NONNULL = YES;
				CLANG_ANALYZER_NUMBER_OBJECT_CONVERSION = YES_AGGRESSIVE;
				CLANG_CXX_LANGUAGE_STANDARD = "gnu++14";
				CLANG_CXX_LIBRARY = "libc++";
				CLANG_ENABLE_MODULES = YES;
				CLANG_ENABLE_OBJC_ARC = YES;
				CLANG_ENABLE_OBJC_WEAK = YES;
				CLANG_WARN_BLOCK_CAPTURE_AUTORELEASING = YES;
				CLANG_WARN_BOOL_CONVERSION = YES;
				CLANG_WARN_COMMA = YES;
				CLANG_WARN_CONSTANT_CONVERSION = YES;
				CLANG_WARN_DEPRECATED_OBJC_IMPLEMENTATIONS = YES;
				CLANG_WARN_DIRECT_OBJC_ISA_USAGE = YES_ERROR;
				CLANG_WARN_DOCUMENTATION_COMMENTS = YES;
				CLANG_WARN_EMPTY_BODY = YES;
				CLANG_WARN_ENUM_CONVERSION = YES;
				CLANG_WARN_INFINITE_RECURSION = YES;
				CLANG_WARN_INT_CONVERSION = YES;
				CLANG_WARN_NON_LITERAL_NULL_CONVERSION = YES;
				CLANG_WARN_OBJC_IMPLICIT_RETAIN_SELF = YES;
				CLANG_WARN_OBJC_LITERAL_CONVERSION = YES;
				CLANG_WARN_OBJC_ROOT_CLASS = YES_ERROR;
				CLANG_WARN_QUOTED_INCLUDE_IN_FRAMEWORK_HEADER = YES;
				CLANG_WARN_RANGE_LOOP_ANALYSIS = YES;
				CLANG_WARN_STRICT_PROTOTYPES = YES;
				CLANG_WARN_SUSPICIOUS_MOVE = YES;
				CLANG_WARN_UNGUARDED_AVAILABILITY = YES_AGGRESSIVE;
				CLANG_WARN_UNREACHABLE_CODE = YES;
				CLANG_WARN__DUPLICATE_METHOD_MATCH = YES;
				COPY_PHASE_STRIP = NO;
				DEBUG_INFORMATION_FORMAT = "dwarf-with-dsym";
				ENABLE_NS_ASSERTIONS = NO;
				ENABLE_STRICT_OBJC_MSGSEND = YES;
				GCC_C_LANGUAGE_STANDARD = gnu11;
				GCC_NO_COMMON_BLOCKS = YES;
				GCC_WARN_64_TO_32_BIT_CONVERSION = YES;
				GCC_WARN_ABOUT_RETURN_TYPE = YES_ERROR;
				GCC_WARN_UNDECLARED_SELECTOR = YES;
				GCC_WARN_UNINITIALIZED_AUTOS = YES_AGGRESSIVE;
				GCC_WARN_UNUSED_FUNCTION = YES;
				GCC_WARN_UNUSED_VARIABLE = YES;
				IPHONEOS_DEPLOYMENT_TARGET = 14.5;
				MTL_ENABLE_DEBUG_INFO = NO;
				MTL_FAST_MATH = YES;
				SDKROOT = iphoneos;
				SWIFT_COMPILATION_MODE = wholemodule;
				SWIFT_OPTIMIZATION_LEVEL = "-O";
				VALIDATE_PRODUCT = YES;
			};
			name = Release;
		};
		237D15A026620E9B007B340D /* Debug */ = {
			isa = XCBuildConfiguration;
			buildSettings = {
				ASSETCATALOG_COMPILER_APPICON_NAME = AppIcon;
				ASSETCATALOG_COMPILER_GLOBAL_ACCENT_COLOR_NAME = AccentColor;
				CODE_SIGN_STYLE = Automatic;
				DEVELOPMENT_ASSET_PATHS = "\"Landmarks/Preview Content\"";
				DEVELOPMENT_TEAM = F5H45FJ5DC;
				ENABLE_PREVIEWS = YES;
				INFOPLIST_FILE = Landmarks/Info.plist;
				IPHONEOS_DEPLOYMENT_TARGET = 14.0;
				LD_RUNPATH_SEARCH_PATHS = (
					"$(inherited)",
					"@executable_path/Frameworks",
				);
				PRODUCT_BUNDLE_IDENTIFIER = dongklee.Landmarks;
				PRODUCT_NAME = "$(TARGET_NAME)";
				SWIFT_VERSION = 5.0;
				TARGETED_DEVICE_FAMILY = "1,2";
			};
			name = Debug;
		};
		237D15A126620E9B007B340D /* Release */ = {
			isa = XCBuildConfiguration;
			buildSettings = {
				ASSETCATALOG_COMPILER_APPICON_NAME = AppIcon;
				ASSETCATALOG_COMPILER_GLOBAL_ACCENT_COLOR_NAME = AccentColor;
				CODE_SIGN_STYLE = Automatic;
				DEVELOPMENT_ASSET_PATHS = "\"Landmarks/Preview Content\"";
				DEVELOPMENT_TEAM = F5H45FJ5DC;
				ENABLE_PREVIEWS = YES;
				INFOPLIST_FILE = Landmarks/Info.plist;
				IPHONEOS_DEPLOYMENT_TARGET = 14.0;
				LD_RUNPATH_SEARCH_PATHS = (
					"$(inherited)",
					"@executable_path/Frameworks",
				);
				PRODUCT_BUNDLE_IDENTIFIER = dongklee.Landmarks;
				PRODUCT_NAME = "$(TARGET_NAME)";
				SWIFT_VERSION = 5.0;
				TARGETED_DEVICE_FAMILY = "1,2";
			};
			name = Release;
		};
/* End XCBuildConfiguration section */

/* Begin XCConfigurationList section */
		237D158626620E99007B340D /* Build configuration list for PBXProject "Landmarks" */ = {
			isa = XCConfigurationList;
			buildConfigurations = (
				237D159D26620E9B007B340D /* Debug */,
				237D159E26620E9B007B340D /* Release */,
			);
			defaultConfigurationIsVisible = 0;
			defaultConfigurationName = Release;
		};
		237D159F26620E9B007B340D /* Build configuration list for PBXNativeTarget "Landmarks" */ = {
			isa = XCConfigurationList;
			buildConfigurations = (
				237D15A026620E9B007B340D /* Debug */,
				237D15A126620E9B007B340D /* Release */,
			);
			defaultConfigurationIsVisible = 0;
			defaultConfigurationName = Release;
		};
/* End XCConfigurationList section */

/* Begin XCVersionGroup section */
		237D159926620E9B007B340D /* Landmarks.xcdatamodeld */ = {
			isa = XCVersionGroup;
			children = (
				237D159A26620E9B007B340D /* Landmarks.xcdatamodel */,
			);
			currentVersion = 237D159A26620E9B007B340D /* Landmarks.xcdatamodel */;
			path = Landmarks.xcdatamodeld;
			sourceTree = "<group>";
			versionGroupType = wrapper.xcdatamodel;
		};
/* End XCVersionGroup section */
	};
	rootObject = 237D158326620E99007B340D /* Project object */;
}
