// !$*UTF8*$!
{
	archiveVersion = 1;
	classes = {
	};
	objectVersion = 55;
	objects = {

/* Begin PBXBuildFile section */
		23EF63432717FD5400D44F68 /* AppDelegate.swift in Sources */ = {isa = PBXBuildFile; fileRef = 23EF63422717FD5400D44F68 /* AppDelegate.swift */; };
		23EF63452717FD5400D44F68 /* SceneDelegate.swift in Sources */ = {isa = PBXBuildFile; fileRef = 23EF63442717FD5400D44F68 /* SceneDelegate.swift */; };
		23EF634A2717FD5400D44F68 /* Main.storyboard in Resources */ = {isa = PBXBuildFile; fileRef = 23EF63482717FD5400D44F68 /* Main.storyboard */; };
		23EF634C2717FD5600D44F68 /* Assets.xcassets in Resources */ = {isa = PBXBuildFile; fileRef = 23EF634B2717FD5600D44F68 /* Assets.xcassets */; };
		23EF634F2717FD5600D44F68 /* LaunchScreen.storyboard in Resources */ = {isa = PBXBuildFile; fileRef = 23EF634D2717FD5600D44F68 /* LaunchScreen.storyboard */; };
		23EF6358271800F500D44F68 /* WeatherListTableViewController.swift in Sources */ = {isa = PBXBuildFile; fileRef = 23EF6357271800F500D44F68 /* WeatherListTableViewController.swift */; };
		23EF635A2718012500D44F68 /* AddWeatherCityViewController.swift in Sources */ = {isa = PBXBuildFile; fileRef = 23EF63592718012500D44F68 /* AddWeatherCityViewController.swift */; };
		23EF635D271807CB00D44F68 /* WeatherCell.swift in Sources */ = {isa = PBXBuildFile; fileRef = 23EF635C271807CB00D44F68 /* WeatherCell.swift */; };
		23EF636027181F9A00D44F68 /* Webservice.swift in Sources */ = {isa = PBXBuildFile; fileRef = 23EF635F27181F9A00D44F68 /* Webservice.swift */; };
		23EF6363271827ED00D44F68 /* WeatherResponse.swift in Sources */ = {isa = PBXBuildFile; fileRef = 23EF6362271827ED00D44F68 /* WeatherResponse.swift */; };
		23EF636627182BE900D44F68 /* AddWeatherViewModel.swift in Sources */ = {isa = PBXBuildFile; fileRef = 23EF636527182BE900D44F68 /* AddWeatherViewModel.swift */; };
		23EF636927182C8A00D44F68 /* Constants.swift in Sources */ = {isa = PBXBuildFile; fileRef = 23EF636827182C8A00D44F68 /* Constants.swift */; };
		23EF636E27182E3200D44F68 /* String+Extensions.swift in Sources */ = {isa = PBXBuildFile; fileRef = 23EF636D27182E3200D44F68 /* String+Extensions.swift */; };
		23EF6370271844F300D44F68 /* WeatherListViewModel.swift in Sources */ = {isa = PBXBuildFile; fileRef = 23EF636F271844F300D44F68 /* WeatherListViewModel.swift */; };
/* End PBXBuildFile section */

/* Begin PBXFileReference section */
		23EF633F2717FD5400D44F68 /* MVVM_Weather.app */ = {isa = PBXFileReference; explicitFileType = wrapper.application; includeInIndex = 0; path = MVVM_Weather.app; sourceTree = BUILT_PRODUCTS_DIR; };
		23EF63422717FD5400D44F68 /* AppDelegate.swift */ = {isa = PBXFileReference; lastKnownFileType = sourcecode.swift; path = AppDelegate.swift; sourceTree = "<group>"; };
		23EF63442717FD5400D44F68 /* SceneDelegate.swift */ = {isa = PBXFileReference; lastKnownFileType = sourcecode.swift; path = SceneDelegate.swift; sourceTree = "<group>"; };
		23EF63492717FD5400D44F68 /* Base */ = {isa = PBXFileReference; lastKnownFileType = file.storyboard; name = Base; path = Base.lproj/Main.storyboard; sourceTree = "<group>"; };
		23EF634B2717FD5600D44F68 /* Assets.xcassets */ = {isa = PBXFileReference; lastKnownFileType = folder.assetcatalog; path = Assets.xcassets; sourceTree = "<group>"; };
		23EF634E2717FD5600D44F68 /* Base */ = {isa = PBXFileReference; lastKnownFileType = file.storyboard; name = Base; path = Base.lproj/LaunchScreen.storyboard; sourceTree = "<group>"; };
		23EF63502717FD5600D44F68 /* Info.plist */ = {isa = PBXFileReference; lastKnownFileType = text.plist.xml; path = Info.plist; sourceTree = "<group>"; };
		23EF6357271800F500D44F68 /* WeatherListTableViewController.swift */ = {isa = PBXFileReference; lastKnownFileType = sourcecode.swift; path = WeatherListTableViewController.swift; sourceTree = "<group>"; };
		23EF63592718012500D44F68 /* AddWeatherCityViewController.swift */ = {isa = PBXFileReference; lastKnownFileType = sourcecode.swift; path = AddWeatherCityViewController.swift; sourceTree = "<group>"; };
		23EF635C271807CB00D44F68 /* WeatherCell.swift */ = {isa = PBXFileReference; lastKnownFileType = sourcecode.swift; path = WeatherCell.swift; sourceTree = "<group>"; };
		23EF635F27181F9A00D44F68 /* Webservice.swift */ = {isa = PBXFileReference; lastKnownFileType = sourcecode.swift; path = Webservice.swift; sourceTree = "<group>"; };
		23EF6362271827ED00D44F68 /* WeatherResponse.swift */ = {isa = PBXFileReference; lastKnownFileType = sourcecode.swift; path = WeatherResponse.swift; sourceTree = "<group>"; };
		23EF636527182BE900D44F68 /* AddWeatherViewModel.swift */ = {isa = PBXFileReference; lastKnownFileType = sourcecode.swift; path = AddWeatherViewModel.swift; sourceTree = "<group>"; };
		23EF636827182C8A00D44F68 /* Constants.swift */ = {isa = PBXFileReference; lastKnownFileType = sourcecode.swift; path = Constants.swift; sourceTree = "<group>"; };
		23EF636D27182E3200D44F68 /* String+Extensions.swift */ = {isa = PBXFileReference; lastKnownFileType = sourcecode.swift; path = "String+Extensions.swift"; sourceTree = "<group>"; };
		23EF636F271844F300D44F68 /* WeatherListViewModel.swift */ = {isa = PBXFileReference; lastKnownFileType = sourcecode.swift; path = WeatherListViewModel.swift; sourceTree = "<group>"; };
/* End PBXFileReference section */

/* Begin PBXFrameworksBuildPhase section */
		23EF633C2717FD5400D44F68 /* Frameworks */ = {
			isa = PBXFrameworksBuildPhase;
			buildActionMask = 2147483647;
			files = (
			);
			runOnlyForDeploymentPostprocessing = 0;
		};
/* End PBXFrameworksBuildPhase section */

/* Begin PBXGroup section */
		23EF63362717FD5400D44F68 = {
			isa = PBXGroup;
			children = (
				23EF63412717FD5400D44F68 /* MVVM_Weather */,
				23EF63402717FD5400D44F68 /* Products */,
			);
			sourceTree = "<group>";
		};
		23EF63402717FD5400D44F68 /* Products */ = {
			isa = PBXGroup;
			children = (
				23EF633F2717FD5400D44F68 /* MVVM_Weather.app */,
			);
			name = Products;
			sourceTree = "<group>";
		};
		23EF63412717FD5400D44F68 /* MVVM_Weather */ = {
			isa = PBXGroup;
			children = (
				23EF636C27182E1E00D44F68 /* String+Extensions */,
				23EF636727182C7300D44F68 /* Utils */,
				23EF636427182BD500D44F68 /* ViewModels */,
				23EF6361271827D700D44F68 /* Models */,
				23EF635E27181F8C00D44F68 /* Services */,
				23EF635B271807B200D44F68 /* CustomCells */,
				23EF6356271800C100D44F68 /* Controllers */,
				23EF63422717FD5400D44F68 /* AppDelegate.swift */,
				23EF63442717FD5400D44F68 /* SceneDelegate.swift */,
				23EF63482717FD5400D44F68 /* Main.storyboard */,
				23EF634B2717FD5600D44F68 /* Assets.xcassets */,
				23EF634D2717FD5600D44F68 /* LaunchScreen.storyboard */,
				23EF63502717FD5600D44F68 /* Info.plist */,
			);
			path = MVVM_Weather;
			sourceTree = "<group>";
		};
		23EF6356271800C100D44F68 /* Controllers */ = {
			isa = PBXGroup;
			children = (
				23EF6357271800F500D44F68 /* WeatherListTableViewController.swift */,
				23EF63592718012500D44F68 /* AddWeatherCityViewController.swift */,
			);
			path = Controllers;
			sourceTree = "<group>";
		};
		23EF635B271807B200D44F68 /* CustomCells */ = {
			isa = PBXGroup;
			children = (
				23EF635C271807CB00D44F68 /* WeatherCell.swift */,
			);
			path = CustomCells;
			sourceTree = "<group>";
		};
		23EF635E27181F8C00D44F68 /* Services */ = {
			isa = PBXGroup;
			children = (
				23EF635F27181F9A00D44F68 /* Webservice.swift */,
			);
			path = Services;
			sourceTree = "<group>";
		};
		23EF6361271827D700D44F68 /* Models */ = {
			isa = PBXGroup;
			children = (
				23EF6362271827ED00D44F68 /* WeatherResponse.swift */,
			);
			path = Models;
			sourceTree = "<group>";
		};
		23EF636427182BD500D44F68 /* ViewModels */ = {
			isa = PBXGroup;
			children = (
				23EF636527182BE900D44F68 /* AddWeatherViewModel.swift */,
				23EF636F271844F300D44F68 /* WeatherListViewModel.swift */,
			);
			path = ViewModels;
			sourceTree = "<group>";
		};
		23EF636727182C7300D44F68 /* Utils */ = {
			isa = PBXGroup;
			children = (
				23EF636827182C8A00D44F68 /* Constants.swift */,
			);
			path = Utils;
			sourceTree = "<group>";
		};
		23EF636C27182E1E00D44F68 /* String+Extensions */ = {
			isa = PBXGroup;
			children = (
				23EF636D27182E3200D44F68 /* String+Extensions.swift */,
			);
			path = "String+Extensions";
			sourceTree = "<group>";
		};
/* End PBXGroup section */

/* Begin PBXNativeTarget section */
		23EF633E2717FD5400D44F68 /* MVVM_Weather */ = {
			isa = PBXNativeTarget;
			buildConfigurationList = 23EF63532717FD5600D44F68 /* Build configuration list for PBXNativeTarget "MVVM_Weather" */;
			buildPhases = (
				23EF633B2717FD5400D44F68 /* Sources */,
				23EF633C2717FD5400D44F68 /* Frameworks */,
				23EF633D2717FD5400D44F68 /* Resources */,
			);
			buildRules = (
			);
			dependencies = (
			);
			name = MVVM_Weather;
			productName = MVVM_Weather;
			productReference = 23EF633F2717FD5400D44F68 /* MVVM_Weather.app */;
			productType = "com.apple.product-type.application";
		};
/* End PBXNativeTarget section */

/* Begin PBXProject section */
		23EF63372717FD5400D44F68 /* Project object */ = {
			isa = PBXProject;
			attributes = {
				BuildIndependentTargetsInParallel = 1;
				LastSwiftUpdateCheck = 1300;
				LastUpgradeCheck = 1300;
				TargetAttributes = {
					23EF633E2717FD5400D44F68 = {
						CreatedOnToolsVersion = 13.0;
					};
				};
			};
			buildConfigurationList = 23EF633A2717FD5400D44F68 /* Build configuration list for PBXProject "MVVM_Weather" */;
			compatibilityVersion = "Xcode 13.0";
			developmentRegion = en;
			hasScannedForEncodings = 0;
			knownRegions = (
				en,
				Base,
			);
			mainGroup = 23EF63362717FD5400D44F68;
			productRefGroup = 23EF63402717FD5400D44F68 /* Products */;
			projectDirPath = "";
			projectRoot = "";
			targets = (
				23EF633E2717FD5400D44F68 /* MVVM_Weather */,
			);
		};
/* End PBXProject section */

/* Begin PBXResourcesBuildPhase section */
		23EF633D2717FD5400D44F68 /* Resources */ = {
			isa = PBXResourcesBuildPhase;
			buildActionMask = 2147483647;
			files = (
				23EF634F2717FD5600D44F68 /* LaunchScreen.storyboard in Resources */,
				23EF634C2717FD5600D44F68 /* Assets.xcassets in Resources */,
				23EF634A2717FD5400D44F68 /* Main.storyboard in Resources */,
			);
			runOnlyForDeploymentPostprocessing = 0;
		};
/* End PBXResourcesBuildPhase section */

/* Begin PBXSourcesBuildPhase section */
		23EF633B2717FD5400D44F68 /* Sources */ = {
			isa = PBXSourcesBuildPhase;
			buildActionMask = 2147483647;
			files = (
				23EF636E27182E3200D44F68 /* String+Extensions.swift in Sources */,
				23EF6358271800F500D44F68 /* WeatherListTableViewController.swift in Sources */,
				23EF636627182BE900D44F68 /* AddWeatherViewModel.swift in Sources */,
				23EF6370271844F300D44F68 /* WeatherListViewModel.swift in Sources */,
				23EF63432717FD5400D44F68 /* AppDelegate.swift in Sources */,
				23EF636027181F9A00D44F68 /* Webservice.swift in Sources */,
				23EF6363271827ED00D44F68 /* WeatherResponse.swift in Sources */,
				23EF635D271807CB00D44F68 /* WeatherCell.swift in Sources */,
				23EF635A2718012500D44F68 /* AddWeatherCityViewController.swift in Sources */,
				23EF63452717FD5400D44F68 /* SceneDelegate.swift in Sources */,
				23EF636927182C8A00D44F68 /* Constants.swift in Sources */,
			);
			runOnlyForDeploymentPostprocessing = 0;
		};
/* End PBXSourcesBuildPhase section */

/* Begin PBXVariantGroup section */
		23EF63482717FD5400D44F68 /* Main.storyboard */ = {
			isa = PBXVariantGroup;
			children = (
				23EF63492717FD5400D44F68 /* Base */,
			);
			name = Main.storyboard;
			sourceTree = "<group>";
		};
		23EF634D2717FD5600D44F68 /* LaunchScreen.storyboard */ = {
			isa = PBXVariantGroup;
			children = (
				23EF634E2717FD5600D44F68 /* Base */,
			);
			name = LaunchScreen.storyboard;
			sourceTree = "<group>";
		};
/* End PBXVariantGroup section */

/* Begin XCBuildConfiguration section */
		23EF63512717FD5600D44F68 /* Debug */ = {
			isa = XCBuildConfiguration;
			buildSettings = {
				ALWAYS_SEARCH_USER_PATHS = NO;
				CLANG_ANALYZER_NONNULL = YES;
				CLANG_ANALYZER_NUMBER_OBJECT_CONVERSION = YES_AGGRESSIVE;
				CLANG_CXX_LANGUAGE_STANDARD = "gnu++17";
				CLANG_CXX_LIBRARY = "libc++";
				CLANG_ENABLE_MODULES = YES;
				CLANG_ENABLE_OBJC_ARC = YES;
				CLANG_ENABLE_OBJC_WEAK = YES;
				CLANG_WARN_BLOCK_CAPTURE_AUTORELEASING = YES;
				CLANG_WARN_BOOL_CONVERSION = YES;
				CLANG_WARN_COMMA = YES;
				CLANG_WARN_CONSTANT_CONVERSION = YES;
				CLANG_WARN_DEPRECATED_OBJC_IMPLEMENTATIONS = YES;
				CLANG_WARN_DIRECT_OBJC_ISA_USAGE = YES_ERROR;
				CLANG_WARN_DOCUMENTATION_COMMENTS = YES;
				CLANG_WARN_EMPTY_BODY = YES;
				CLANG_WARN_ENUM_CONVERSION = YES;
				CLANG_WARN_INFINITE_RECURSION = YES;
				CLANG_WARN_INT_CONVERSION = YES;
				CLANG_WARN_NON_LITERAL_NULL_CONVERSION = YES;
				CLANG_WARN_OBJC_IMPLICIT_RETAIN_SELF = YES;
				CLANG_WARN_OBJC_LITERAL_CONVERSION = YES;
				CLANG_WARN_OBJC_ROOT_CLASS = YES_ERROR;
				CLANG_WARN_QUOTED_INCLUDE_IN_FRAMEWORK_HEADER = YES;
				CLANG_WARN_RANGE_LOOP_ANALYSIS = YES;
				CLANG_WARN_STRICT_PROTOTYPES = YES;
				CLANG_WARN_SUSPICIOUS_MOVE = YES;
				CLANG_WARN_UNGUARDED_AVAILABILITY = YES_AGGRESSIVE;
				CLANG_WARN_UNREACHABLE_CODE = YES;
				CLANG_WARN__DUPLICATE_METHOD_MATCH = YES;
				COPY_PHASE_STRIP = NO;
				DEBUG_INFORMATION_FORMAT = dwarf;
				ENABLE_STRICT_OBJC_MSGSEND = YES;
				ENABLE_TESTABILITY = YES;
				GCC_C_LANGUAGE_STANDARD = gnu11;
				GCC_DYNAMIC_NO_PIC = NO;
				GCC_NO_COMMON_BLOCKS = YES;
				GCC_OPTIMIZATION_LEVEL = 0;
				GCC_PREPROCESSOR_DEFINITIONS = (
					"DEBUG=1",
					"$(inherited)",
				);
				GCC_WARN_64_TO_32_BIT_CONVERSION = YES;
				GCC_WARN_ABOUT_RETURN_TYPE = YES_ERROR;
				GCC_WARN_UNDECLARED_SELECTOR = YES;
				GCC_WARN_UNINITIALIZED_AUTOS = YES_AGGRESSIVE;
				GCC_WARN_UNUSED_FUNCTION = YES;
				GCC_WARN_UNUSED_VARIABLE = YES;
				IPHONEOS_DEPLOYMENT_TARGET = 15.0;
				MTL_ENABLE_DEBUG_INFO = INCLUDE_SOURCE;
				MTL_FAST_MATH = YES;
				ONLY_ACTIVE_ARCH = YES;
				SDKROOT = iphoneos;
				SWIFT_ACTIVE_COMPILATION_CONDITIONS = DEBUG;
				SWIFT_OPTIMIZATION_LEVEL = "-Onone";
			};
			name = Debug;
		};
		23EF63522717FD5600D44F68 /* Release */ = {
			isa = XCBuildConfiguration;
			buildSettings = {
				ALWAYS_SEARCH_USER_PATHS = NO;
				CLANG_ANALYZER_NONNULL = YES;
				CLANG_ANALYZER_NUMBER_OBJECT_CONVERSION = YES_AGGRESSIVE;
				CLANG_CXX_LANGUAGE_STANDARD = "gnu++17";
				CLANG_CXX_LIBRARY = "libc++";
				CLANG_ENABLE_MODULES = YES;
				CLANG_ENABLE_OBJC_ARC = YES;
				CLANG_ENABLE_OBJC_WEAK = YES;
				CLANG_WARN_BLOCK_CAPTURE_AUTORELEASING = YES;
				CLANG_WARN_BOOL_CONVERSION = YES;
				CLANG_WARN_COMMA = YES;
				CLANG_WARN_CONSTANT_CONVERSION = YES;
				CLANG_WARN_DEPRECATED_OBJC_IMPLEMENTATIONS = YES;
				CLANG_WARN_DIRECT_OBJC_ISA_USAGE = YES_ERROR;
				CLANG_WARN_DOCUMENTATION_COMMENTS = YES;
				CLANG_WARN_EMPTY_BODY = YES;
				CLANG_WARN_ENUM_CONVERSION = YES;
				CLANG_WARN_INFINITE_RECURSION = YES;
				CLANG_WARN_INT_CONVERSION = YES;
				CLANG_WARN_NON_LITERAL_NULL_CONVERSION = YES;
				CLANG_WARN_OBJC_IMPLICIT_RETAIN_SELF = YES;
				CLANG_WARN_OBJC_LITERAL_CONVERSION = YES;
				CLANG_WARN_OBJC_ROOT_CLASS = YES_ERROR;
				CLANG_WARN_QUOTED_INCLUDE_IN_FRAMEWORK_HEADER = YES;
				CLANG_WARN_RANGE_LOOP_ANALYSIS = YES;
				CLANG_WARN_STRICT_PROTOTYPES = YES;
				CLANG_WARN_SUSPICIOUS_MOVE = YES;
				CLANG_WARN_UNGUARDED_AVAILABILITY = YES_AGGRESSIVE;
				CLANG_WARN_UNREACHABLE_CODE = YES;
				CLANG_WARN__DUPLICATE_METHOD_MATCH = YES;
				COPY_PHASE_STRIP = NO;
				DEBUG_INFORMATION_FORMAT = "dwarf-with-dsym";
				ENABLE_NS_ASSERTIONS = NO;
				ENABLE_STRICT_OBJC_MSGSEND = YES;
				GCC_C_LANGUAGE_STANDARD = gnu11;
				GCC_NO_COMMON_BLOCKS = YES;
				GCC_WARN_64_TO_32_BIT_CONVERSION = YES;
				GCC_WARN_ABOUT_RETURN_TYPE = YES_ERROR;
				GCC_WARN_UNDECLARED_SELECTOR = YES;
				GCC_WARN_UNINITIALIZED_AUTOS = YES_AGGRESSIVE;
				GCC_WARN_UNUSED_FUNCTION = YES;
				GCC_WARN_UNUSED_VARIABLE = YES;
				IPHONEOS_DEPLOYMENT_TARGET = 15.0;
				MTL_ENABLE_DEBUG_INFO = NO;
				MTL_FAST_MATH = YES;
				SDKROOT = iphoneos;
				SWIFT_COMPILATION_MODE = wholemodule;
				SWIFT_OPTIMIZATION_LEVEL = "-O";
				VALIDATE_PRODUCT = YES;
			};
			name = Release;
		};
		23EF63542717FD5600D44F68 /* Debug */ = {
			isa = XCBuildConfiguration;
			buildSettings = {
				ASSETCATALOG_COMPILER_APPICON_NAME = AppIcon;
				ASSETCATALOG_COMPILER_GLOBAL_ACCENT_COLOR_NAME = AccentColor;
				CODE_SIGN_STYLE = Automatic;
				CURRENT_PROJECT_VERSION = 1;
				DEVELOPMENT_TEAM = 84C5F9B5MF;
				GENERATE_INFOPLIST_FILE = YES;
				INFOPLIST_FILE = MVVM_Weather/Info.plist;
				INFOPLIST_KEY_UIApplicationSupportsIndirectInputEvents = YES;
				INFOPLIST_KEY_UILaunchStoryboardName = LaunchScreen;
				INFOPLIST_KEY_UIMainStoryboardFile = Main;
				INFOPLIST_KEY_UISupportedInterfaceOrientations = UIInterfaceOrientationPortrait;
				INFOPLIST_KEY_UISupportedInterfaceOrientations_iPad = "UIInterfaceOrientationPortrait UIInterfaceOrientationPortraitUpsideDown UIInterfaceOrientationLandscapeLeft UIInterfaceOrientationLandscapeRight";
				INFOPLIST_KEY_UISupportedInterfaceOrientations_iPhone = "UIInterfaceOrientationPortrait UIInterfaceOrientationLandscapeLeft UIInterfaceOrientationLandscapeRight";
				IPHONEOS_DEPLOYMENT_TARGET = 13.0;
				LD_RUNPATH_SEARCH_PATHS = (
					"$(inherited)",
					"@executable_path/Frameworks",
				);
				MARKETING_VERSION = 1.0;
				PRODUCT_BUNDLE_IDENTIFIER = "com.winder.MVVM-Weather";
				PRODUCT_NAME = "$(TARGET_NAME)";
				SWIFT_EMIT_LOC_STRINGS = YES;
				SWIFT_VERSION = 5.0;
				TARGETED_DEVICE_FAMILY = 1;
			};
			name = Debug;
		};
		23EF63552717FD5600D44F68 /* Release */ = {
			isa = XCBuildConfiguration;
			buildSettings = {
				ASSETCATALOG_COMPILER_APPICON_NAME = AppIcon;
				ASSETCATALOG_COMPILER_GLOBAL_ACCENT_COLOR_NAME = AccentColor;
				CODE_SIGN_STYLE = Automatic;
				CURRENT_PROJECT_VERSION = 1;
				DEVELOPMENT_TEAM = 84C5F9B5MF;
				GENERATE_INFOPLIST_FILE = YES;
				INFOPLIST_FILE = MVVM_Weather/Info.plist;
				INFOPLIST_KEY_UIApplicationSupportsIndirectInputEvents = YES;
				INFOPLIST_KEY_UILaunchStoryboardName = LaunchScreen;
				INFOPLIST_KEY_UIMainStoryboardFile = Main;
				INFOPLIST_KEY_UISupportedInterfaceOrientations = UIInterfaceOrientationPortrait;
				INFOPLIST_KEY_UISupportedInterfaceOrientations_iPad = "UIInterfaceOrientationPortrait UIInterfaceOrientationPortraitUpsideDown UIInterfaceOrientationLandscapeLeft UIInterfaceOrientationLandscapeRight";
				INFOPLIST_KEY_UISupportedInterfaceOrientations_iPhone = "UIInterfaceOrientationPortrait UIInterfaceOrientationLandscapeLeft UIInterfaceOrientationLandscapeRight";
				IPHONEOS_DEPLOYMENT_TARGET = 13.0;
				LD_RUNPATH_SEARCH_PATHS = (
					"$(inherited)",
					"@executable_path/Frameworks",
				);
				MARKETING_VERSION = 1.0;
				PRODUCT_BUNDLE_IDENTIFIER = "com.winder.MVVM-Weather";
				PRODUCT_NAME = "$(TARGET_NAME)";
				SWIFT_EMIT_LOC_STRINGS = YES;
				SWIFT_VERSION = 5.0;
				TARGETED_DEVICE_FAMILY = 1;
			};
			name = Release;
		};
/* End XCBuildConfiguration section */

/* Begin XCConfigurationList section */
		23EF633A2717FD5400D44F68 /* Build configuration list for PBXProject "MVVM_Weather" */ = {
			isa = XCConfigurationList;
			buildConfigurations = (
				23EF63512717FD5600D44F68 /* Debug */,
				23EF63522717FD5600D44F68 /* Release */,
			);
			defaultConfigurationIsVisible = 0;
			defaultConfigurationName = Release;
		};
		23EF63532717FD5600D44F68 /* Build configuration list for PBXNativeTarget "MVVM_Weather" */ = {
			isa = XCConfigurationList;
			buildConfigurations = (
				23EF63542717FD5600D44F68 /* Debug */,
				23EF63552717FD5600D44F68 /* Release */,
			);
			defaultConfigurationIsVisible = 0;
			defaultConfigurationName = Release;
		};
/* End XCConfigurationList section */
	};
	rootObject = 23EF63372717FD5400D44F68 /* Project object */;
}
