// !$*UTF8*$!
{
	archiveVersion = 1;
	classes = {
	};
	objectVersion = 50;
	objects = {

/* Begin PBXBuildFile section */
		23EF2CC826F892FA00060792 /* AppDelegate.swift in Sources */ = {isa = PBXBuildFile; fileRef = 23EF2CC726F892FA00060792 /* AppDelegate.swift */; };
		23EF2CCA26F892FA00060792 /* SceneDelegate.swift in Sources */ = {isa = PBXBuildFile; fileRef = 23EF2CC926F892FA00060792 /* SceneDelegate.swift */; };
		23EF2CCC26F892FA00060792 /* ViewController.swift in Sources */ = {isa = PBXBuildFile; fileRef = 23EF2CCB26F892FA00060792 /* ViewController.swift */; };
		23EF2CCF26F892FA00060792 /* Main.storyboard in Resources */ = {isa = PBXBuildFile; fileRef = 23EF2CCD26F892FA00060792 /* Main.storyboard */; };
		23EF2CD126F892FC00060792 /* Assets.xcassets in Resources */ = {isa = PBXBuildFile; fileRef = 23EF2CD026F892FC00060792 /* Assets.xcassets */; };
		23EF2CD426F892FC00060792 /* LaunchScreen.storyboard in Resources */ = {isa = PBXBuildFile; fileRef = 23EF2CD226F892FC00060792 /* LaunchScreen.storyboard */; };
		23EF2CDC26F8932300060792 /* NewSegue.swift in Sources */ = {isa = PBXBuildFile; fileRef = 23EF2CDB26F8932300060792 /* NewSegue.swift */; };
/* End PBXBuildFile section */

/* Begin PBXFileReference section */
		23EF2CC426F892FA00060792 /* CustomSegue.app */ = {isa = PBXFileReference; explicitFileType = wrapper.application; includeInIndex = 0; path = CustomSegue.app; sourceTree = BUILT_PRODUCTS_DIR; };
		23EF2CC726F892FA00060792 /* AppDelegate.swift */ = {isa = PBXFileReference; lastKnownFileType = sourcecode.swift; path = AppDelegate.swift; sourceTree = "<group>"; };
		23EF2CC926F892FA00060792 /* SceneDelegate.swift */ = {isa = PBXFileReference; lastKnownFileType = sourcecode.swift; path = SceneDelegate.swift; sourceTree = "<group>"; };
		23EF2CCB26F892FA00060792 /* ViewController.swift */ = {isa = PBXFileReference; lastKnownFileType = sourcecode.swift; path = ViewController.swift; sourceTree = "<group>"; };
		23EF2CCE26F892FA00060792 /* Base */ = {isa = PBXFileReference; lastKnownFileType = file.storyboard; name = Base; path = Base.lproj/Main.storyboard; sourceTree = "<group>"; };
		23EF2CD026F892FC00060792 /* Assets.xcassets */ = {isa = PBXFileReference; lastKnownFileType = folder.assetcatalog; path = Assets.xcassets; sourceTree = "<group>"; };
		23EF2CD326F892FC00060792 /* Base */ = {isa = PBXFileReference; lastKnownFileType = file.storyboard; name = Base; path = Base.lproj/LaunchScreen.storyboard; sourceTree = "<group>"; };
		23EF2CD526F892FC00060792 /* Info.plist */ = {isa = PBXFileReference; lastKnownFileType = text.plist.xml; path = Info.plist; sourceTree = "<group>"; };
		23EF2CDB26F8932300060792 /* NewSegue.swift */ = {isa = PBXFileReference; lastKnownFileType = sourcecode.swift; path = NewSegue.swift; sourceTree = "<group>"; };
/* End PBXFileReference section */

/* Begin PBXFrameworksBuildPhase section */
		23EF2CC126F892FA00060792 /* Frameworks */ = {
			isa = PBXFrameworksBuildPhase;
			buildActionMask = 2147483647;
			files = (
			);
			runOnlyForDeploymentPostprocessing = 0;
		};
/* End PBXFrameworksBuildPhase section */

/* Begin PBXGroup section */
		23EF2CBB26F892FA00060792 = {
			isa = PBXGroup;
			children = (
				23EF2CC626F892FA00060792 /* CustomSegue */,
				23EF2CC526F892FA00060792 /* Products */,
			);
			sourceTree = "<group>";
		};
		23EF2CC526F892FA00060792 /* Products */ = {
			isa = PBXGroup;
			children = (
				23EF2CC426F892FA00060792 /* CustomSegue.app */,
			);
			name = Products;
			sourceTree = "<group>";
		};
		23EF2CC626F892FA00060792 /* CustomSegue */ = {
			isa = PBXGroup;
			children = (
				23EF2CC726F892FA00060792 /* AppDelegate.swift */,
				23EF2CC926F892FA00060792 /* SceneDelegate.swift */,
				23EF2CCB26F892FA00060792 /* ViewController.swift */,
				23EF2CCD26F892FA00060792 /* Main.storyboard */,
				23EF2CDB26F8932300060792 /* NewSegue.swift */,
				23EF2CD026F892FC00060792 /* Assets.xcassets */,
				23EF2CD226F892FC00060792 /* LaunchScreen.storyboard */,
				23EF2CD526F892FC00060792 /* Info.plist */,
			);
			path = CustomSegue;
			sourceTree = "<group>";
		};
/* End PBXGroup section */

/* Begin PBXNativeTarget section */
		23EF2CC326F892FA00060792 /* CustomSegue */ = {
			isa = PBXNativeTarget;
			buildConfigurationList = 23EF2CD826F892FC00060792 /* Build configuration list for PBXNativeTarget "CustomSegue" */;
			buildPhases = (
				23EF2CC026F892FA00060792 /* Sources */,
				23EF2CC126F892FA00060792 /* Frameworks */,
				23EF2CC226F892FA00060792 /* Resources */,
			);
			buildRules = (
			);
			dependencies = (
			);
			name = CustomSegue;
			productName = CustomSegue;
			productReference = 23EF2CC426F892FA00060792 /* CustomSegue.app */;
			productType = "com.apple.product-type.application";
		};
/* End PBXNativeTarget section */

/* Begin PBXProject section */
		23EF2CBC26F892FA00060792 /* Project object */ = {
			isa = PBXProject;
			attributes = {
				LastSwiftUpdateCheck = 1250;
				LastUpgradeCheck = 1250;
				TargetAttributes = {
					23EF2CC326F892FA00060792 = {
						CreatedOnToolsVersion = 12.5.1;
					};
				};
			};
			buildConfigurationList = 23EF2CBF26F892FA00060792 /* Build configuration list for PBXProject "CustomSegue" */;
			compatibilityVersion = "Xcode 9.3";
			developmentRegion = en;
			hasScannedForEncodings = 0;
			knownRegions = (
				en,
				Base,
			);
			mainGroup = 23EF2CBB26F892FA00060792;
			productRefGroup = 23EF2CC526F892FA00060792 /* Products */;
			projectDirPath = "";
			projectRoot = "";
			targets = (
				23EF2CC326F892FA00060792 /* CustomSegue */,
			);
		};
/* End PBXProject section */

/* Begin PBXResourcesBuildPhase section */
		23EF2CC226F892FA00060792 /* Resources */ = {
			isa = PBXResourcesBuildPhase;
			buildActionMask = 2147483647;
			files = (
				23EF2CD426F892FC00060792 /* LaunchScreen.storyboard in Resources */,
				23EF2CD126F892FC00060792 /* Assets.xcassets in Resources */,
				23EF2CCF26F892FA00060792 /* Main.storyboard in Resources */,
			);
			runOnlyForDeploymentPostprocessing = 0;
		};
/* End PBXResourcesBuildPhase section */

/* Begin PBXSourcesBuildPhase section */
		23EF2CC026F892FA00060792 /* Sources */ = {
			isa = PBXSourcesBuildPhase;
			buildActionMask = 2147483647;
			files = (
				23EF2CDC26F8932300060792 /* NewSegue.swift in Sources */,
				23EF2CCC26F892FA00060792 /* ViewController.swift in Sources */,
				23EF2CC826F892FA00060792 /* AppDelegate.swift in Sources */,
				23EF2CCA26F892FA00060792 /* SceneDelegate.swift in Sources */,
			);
			runOnlyForDeploymentPostprocessing = 0;
		};
/* End PBXSourcesBuildPhase section */

/* Begin PBXVariantGroup section */
		23EF2CCD26F892FA00060792 /* Main.storyboard */ = {
			isa = PBXVariantGroup;
			children = (
				23EF2CCE26F892FA00060792 /* Base */,
			);
			name = Main.storyboard;
			sourceTree = "<group>";
		};
		23EF2CD226F892FC00060792 /* LaunchScreen.storyboard */ = {
			isa = PBXVariantGroup;
			children = (
				23EF2CD326F892FC00060792 /* Base */,
			);
			name = LaunchScreen.storyboard;
			sourceTree = "<group>";
		};
/* End PBXVariantGroup section */

/* Begin XCBuildConfiguration section */
		23EF2CD626F892FC00060792 /* Debug */ = {
			isa = XCBuildConfiguration;
			buildSettings = {
				ALWAYS_SEARCH_USER_PATHS = NO;
				CLANG_ANALYZER_NONNULL = YES;
				CLANG_ANALYZER_NUMBER_OBJECT_CONVERSION = YES_AGGRESSIVE;
				CLANG_CXX_LANGUAGE_STANDARD = "gnu++14";
				CLANG_CXX_LIBRARY = "libc++";
				CLANG_ENABLE_MODULES = YES;
				CLANG_ENABLE_OBJC_ARC = YES;
				CLANG_ENABLE_OBJC_WEAK = YES;
				CLANG_WARN_BLOCK_CAPTURE_AUTORELEASING = YES;
				CLANG_WARN_BOOL_CONVERSION = YES;
				CLANG_WARN_COMMA = YES;
				CLANG_WARN_CONSTANT_CONVERSION = YES;
				CLANG_WARN_DEPRECATED_OBJC_IMPLEMENTATIONS = YES;
				CLANG_WARN_DIRECT_OBJC_ISA_USAGE = YES_ERROR;
				CLANG_WARN_DOCUMENTATION_COMMENTS = YES;
				CLANG_WARN_EMPTY_BODY = YES;
				CLANG_WARN_ENUM_CONVERSION = YES;
				CLANG_WARN_INFINITE_RECURSION = YES;
				CLANG_WARN_INT_CONVERSION = YES;
				CLANG_WARN_NON_LITERAL_NULL_CONVERSION = YES;
				CLANG_WARN_OBJC_IMPLICIT_RETAIN_SELF = YES;
				CLANG_WARN_OBJC_LITERAL_CONVERSION = YES;
				CLANG_WARN_OBJC_ROOT_CLASS = YES_ERROR;
				CLANG_WARN_QUOTED_INCLUDE_IN_FRAMEWORK_HEADER = YES;
				CLANG_WARN_RANGE_LOOP_ANALYSIS = YES;
				CLANG_WARN_STRICT_PROTOTYPES = YES;
				CLANG_WARN_SUSPICIOUS_MOVE = YES;
				CLANG_WARN_UNGUARDED_AVAILABILITY = YES_AGGRESSIVE;
				CLANG_WARN_UNREACHABLE_CODE = YES;
				CLANG_WARN__DUPLICATE_METHOD_MATCH = YES;
				COPY_PHASE_STRIP = NO;
				DEBUG_INFORMATION_FORMAT = dwarf;
				ENABLE_STRICT_OBJC_MSGSEND = YES;
				ENABLE_TESTABILITY = YES;
				GCC_C_LANGUAGE_STANDARD = gnu11;
				GCC_DYNAMIC_NO_PIC = NO;
				GCC_NO_COMMON_BLOCKS = YES;
				GCC_OPTIMIZATION_LEVEL = 0;
				GCC_PREPROCESSOR_DEFINITIONS = (
					"DEBUG=1",
					"$(inherited)",
				);
				GCC_WARN_64_TO_32_BIT_CONVERSION = YES;
				GCC_WARN_ABOUT_RETURN_TYPE = YES_ERROR;
				GCC_WARN_UNDECLARED_SELECTOR = YES;
				GCC_WARN_UNINITIALIZED_AUTOS = YES_AGGRESSIVE;
				GCC_WARN_UNUSED_FUNCTION = YES;
				GCC_WARN_UNUSED_VARIABLE = YES;
				IPHONEOS_DEPLOYMENT_TARGET = 14.5;
				MTL_ENABLE_DEBUG_INFO = INCLUDE_SOURCE;
				MTL_FAST_MATH = YES;
				ONLY_ACTIVE_ARCH = YES;
				SDKROOT = iphoneos;
				SWIFT_ACTIVE_COMPILATION_CONDITIONS = DEBUG;
				SWIFT_OPTIMIZATION_LEVEL = "-Onone";
			};
			name = Debug;
		};
		23EF2CD726F892FC00060792 /* Release */ = {
			isa = XCBuildConfiguration;
			buildSettings = {
				ALWAYS_SEARCH_USER_PATHS = NO;
				CLANG_ANALYZER_NONNULL = YES;
				CLANG_ANALYZER_NUMBER_OBJECT_CONVERSION = YES_AGGRESSIVE;
				CLANG_CXX_LANGUAGE_STANDARD = "gnu++14";
				CLANG_CXX_LIBRARY = "libc++";
				CLANG_ENABLE_MODULES = YES;
				CLANG_ENABLE_OBJC_ARC = YES;
				CLANG_ENABLE_OBJC_WEAK = YES;
				CLANG_WARN_BLOCK_CAPTURE_AUTORELEASING = YES;
				CLANG_WARN_BOOL_CONVERSION = YES;
				CLANG_WARN_COMMA = YES;
				CLANG_WARN_CONSTANT_CONVERSION = YES;
				CLANG_WARN_DEPRECATED_OBJC_IMPLEMENTATIONS = YES;
				CLANG_WARN_DIRECT_OBJC_ISA_USAGE = YES_ERROR;
				CLANG_WARN_DOCUMENTATION_COMMENTS = YES;
				CLANG_WARN_EMPTY_BODY = YES;
				CLANG_WARN_ENUM_CONVERSION = YES;
				CLANG_WARN_INFINITE_RECURSION = YES;
				CLANG_WARN_INT_CONVERSION = YES;
				CLANG_WARN_NON_LITERAL_NULL_CONVERSION = YES;
				CLANG_WARN_OBJC_IMPLICIT_RETAIN_SELF = YES;
				CLANG_WARN_OBJC_LITERAL_CONVERSION = YES;
				CLANG_WARN_OBJC_ROOT_CLASS = YES_ERROR;
				CLANG_WARN_QUOTED_INCLUDE_IN_FRAMEWORK_HEADER = YES;
				CLANG_WARN_RANGE_LOOP_ANALYSIS = YES;
				CLANG_WARN_STRICT_PROTOTYPES = YES;
				CLANG_WARN_SUSPICIOUS_MOVE = YES;
				CLANG_WARN_UNGUARDED_AVAILABILITY = YES_AGGRESSIVE;
				CLANG_WARN_UNREACHABLE_CODE = YES;
				CLANG_WARN__DUPLICATE_METHOD_MATCH = YES;
				COPY_PHASE_STRIP = NO;
				DEBUG_INFORMATION_FORMAT = "dwarf-with-dsym";
				ENABLE_NS_ASSERTIONS = NO;
				ENABLE_STRICT_OBJC_MSGSEND = YES;
				GCC_C_LANGUAGE_STANDARD = gnu11;
				GCC_NO_COMMON_BLOCKS = YES;
				GCC_WARN_64_TO_32_BIT_CONVERSION = YES;
				GCC_WARN_ABOUT_RETURN_TYPE = YES_ERROR;
				GCC_WARN_UNDECLARED_SELECTOR = YES;
				GCC_WARN_UNINITIALIZED_AUTOS = YES_AGGRESSIVE;
				GCC_WARN_UNUSED_FUNCTION = YES;
				GCC_WARN_UNUSED_VARIABLE = YES;
				IPHONEOS_DEPLOYMENT_TARGET = 14.5;
				MTL_ENABLE_DEBUG_INFO = NO;
				MTL_FAST_MATH = YES;
				SDKROOT = iphoneos;
				SWIFT_COMPILATION_MODE = wholemodule;
				SWIFT_OPTIMIZATION_LEVEL = "-O";
				VALIDATE_PRODUCT = YES;
			};
			name = Release;
		};
		23EF2CD926F892FC00060792 /* Debug */ = {
			isa = XCBuildConfiguration;
			buildSettings = {
				ASSETCATALOG_COMPILER_APPICON_NAME = AppIcon;
				ASSETCATALOG_COMPILER_GLOBAL_ACCENT_COLOR_NAME = AccentColor;
				CODE_SIGN_STYLE = Automatic;
				DEVELOPMENT_TEAM = 84C5F9B5MF;
				INFOPLIST_FILE = CustomSegue/Info.plist;
				LD_RUNPATH_SEARCH_PATHS = (
					"$(inherited)",
					"@executable_path/Frameworks",
				);
				PRODUCT_BUNDLE_IDENTIFIER = com.winder.CustomSegue;
				PRODUCT_NAME = "$(TARGET_NAME)";
				SWIFT_VERSION = 5.0;
				TARGETED_DEVICE_FAMILY = 1;
			};
			name = Debug;
		};
		23EF2CDA26F892FC00060792 /* Release */ = {
			isa = XCBuildConfiguration;
			buildSettings = {
				ASSETCATALOG_COMPILER_APPICON_NAME = AppIcon;
				ASSETCATALOG_COMPILER_GLOBAL_ACCENT_COLOR_NAME = AccentColor;
				CODE_SIGN_STYLE = Automatic;
				DEVELOPMENT_TEAM = 84C5F9B5MF;
				INFOPLIST_FILE = CustomSegue/Info.plist;
				LD_RUNPATH_SEARCH_PATHS = (
					"$(inherited)",
					"@executable_path/Frameworks",
				);
				PRODUCT_BUNDLE_IDENTIFIER = com.winder.CustomSegue;
				PRODUCT_NAME = "$(TARGET_NAME)";
				SWIFT_VERSION = 5.0;
				TARGETED_DEVICE_FAMILY = 1;
			};
			name = Release;
		};
/* End XCBuildConfiguration section */

/* Begin XCConfigurationList section */
		23EF2CBF26F892FA00060792 /* Build configuration list for PBXProject "CustomSegue" */ = {
			isa = XCConfigurationList;
			buildConfigurations = (
				23EF2CD626F892FC00060792 /* Debug */,
				23EF2CD726F892FC00060792 /* Release */,
			);
			defaultConfigurationIsVisible = 0;
			defaultConfigurationName = Release;
		};
		23EF2CD826F892FC00060792 /* Build configuration list for PBXNativeTarget "CustomSegue" */ = {
			isa = XCConfigurationList;
			buildConfigurations = (
				23EF2CD926F892FC00060792 /* Debug */,
				23EF2CDA26F892FC00060792 /* Release */,
			);
			defaultConfigurationIsVisible = 0;
			defaultConfigurationName = Release;
		};
/* End XCConfigurationList section */
	};
	rootObject = 23EF2CBC26F892FA00060792 /* Project object */;
}
